
Microsoft Visual Studio Solution File, Format Version 12.00
# Visual Studio Version 17
VisualStudioVersion = 17.9.34622.214
MinimumVisualStudioVersion = 10.0.40219.1
Project("{8BC9CEB8-8B4A-11D0-8D11-00A0C91BC942}") = "AlgorithmaSearch_0151", "AlgorithmaSearch_0151\AlgorithmaSearch_0151.vcxproj", "{E30A6D62-3AE2-4434-8987-00D1852679BF}"
EndProject
Global
	GlobalSection(SolutionConfigurationPlatforms) = preSolution
		Debug|x64 = Debug|x64
		Debug|x86 = Debug|x86
		Release|x64 = Release|x64
		Release|x86 = Release|x86
	EndGlobalSection
	GlobalSection(ProjectConfigurationPlatforms) = postSolution
		{E30A6D62-3AE2-4434-8987-00D1852679BF}.Debug|x64.ActiveCfg = Debug|x64
		{E30A6D62-3AE2-4434-8987-00D1852679BF}.Debug|x64.Build.0 = Debug|x64
		{E30A6D62-3AE2-4434-8987-00D1852679BF}.Debug|x86.ActiveCfg = Debug|Win32
		{E30A6D62-3AE2-4434-8987-00D1852679BF}.Debug|x86.Build.0 = Debug|Win32
		{E30A6D62-3AE2-4434-8987-00D1852679BF}.Release|x64.ActiveCfg = Release|x64
		{E30A6D62-3AE2-4434-8987-00D1852679BF}.Release|x64.Build.0 = Release|x64
		{E30A6D62-3AE2-4434-8987-00D1852679BF}.Release|x86.ActiveCfg = Release|Win32
		{E30A6D62-3AE2-4434-8987-00D1852679BF}.Release|x86.Build.0 = Release|Win32
	EndGlobalSection
	GlobalSection(SolutionProperties) = preSolution
		HideSolutionNode = FALSE
	EndGlobalSection
	GlobalSection(ExtensibilityGlobals) = postSolution
		SolutionGuid = {2CA564A2-CEA7-4866-9989-89409C736574}
	EndGlobalSection
EndGlobal
